
Microsoft Visual Studio Solution File, Format Version 12.00
# Visual Studio Version 16
VisualStudioVersion = 16.0.31729.503
MinimumVisualStudioVersion = 10.0.40219.1
Project("{9A19103F-16F7-4668-BE54-9A1E7A4F7556}") = "Tecman", "Tecman.csproj", "{B73B572A-1A1A-46F0-AC33-58B9ECA8F460}"
EndProject
Global
	GlobalSection(SolutionConfigurationPlatforms) = preSolution
		Debug|Any CPU = Debug|Any CPU
		Release|Any CPU = Release|Any CPU
	EndGlobalSection
	GlobalSection(ProjectConfigurationPlatforms) = postSolution
		{B73B572A-1A1A-46F0-AC33-58B9ECA8F460}.Debug|Any CPU.ActiveCfg = Debug|Any CPU
		{B73B572A-1A1A-46F0-AC33-58B9ECA8F460}.Debug|Any CPU.Build.0 = Debug|Any CPU
		{B73B572A-1A1A-46F0-AC33-58B9ECA8F460}.Release|Any CPU.ActiveCfg = Release|Any CPU
		{B73B572A-1A1A-46F0-AC33-58B9ECA8F460}.Release|Any CPU.Build.0 = Release|Any CPU
	EndGlobalSection
	GlobalSection(SolutionProperties) = preSolution
		HideSolutionNode = FALSE
	EndGlobalSection
	GlobalSection(ExtensibilityGlobals) = postSolution
		SolutionGuid = {5957B652-CDE4-4F48-A5C2-25B17A43AD91}
	EndGlobalSection
EndGlobal
